
Microsoft Visual Studio Solution File, Format Version 12.00
# Visual Studio Version 17
VisualStudioVersion = 17.9.34728.123
MinimumVisualStudioVersion = 10.0.40219.1
Project("{FAE04EC0-301F-11D3-BF4B-00C04F79EFBC}") = "DTOExample", "DTOExample\DTOExample.csproj", "{7F64B40C-B64A-43EA-9EBE-20837AD444E2}"
EndProject
Global
	GlobalSection(SolutionConfigurationPlatforms) = preSolution
		Debug|Any CPU = Debug|Any CPU
		Release|Any CPU = Release|Any CPU
	EndGlobalSection
	GlobalSection(ProjectConfigurationPlatforms) = postSolution
		{7F64B40C-B64A-43EA-9EBE-20837AD444E2}.Debug|Any CPU.ActiveCfg = Debug|Any CPU
		{7F64B40C-B64A-43EA-9EBE-20837AD444E2}.Debug|Any CPU.Build.0 = Debug|Any CPU
		{7F64B40C-B64A-43EA-9EBE-20837AD444E2}.Release|Any CPU.ActiveCfg = Release|Any CPU
		{7F64B40C-B64A-43EA-9EBE-20837AD444E2}.Release|Any CPU.Build.0 = Release|Any CPU
	EndGlobalSection
	GlobalSection(SolutionProperties) = preSolution
		HideSolutionNode = FALSE
	EndGlobalSection
	GlobalSection(ExtensibilityGlobals) = postSolution
		SolutionGuid = {A4743FEA-8D23-4138-B2DA-AF2F63E6931D}
	EndGlobalSection
EndGlobal
