
Microsoft Visual Studio Solution File, Format Version 12.00
# Visual Studio Version 17
VisualStudioVersion = 17.9.34728.123
MinimumVisualStudioVersion = 10.0.40219.1
Project("{2150E333-8FDC-42A3-9474-1A3956D46DE8}") = "Application", "Application", "{BDA6D092-6194-4171-992F-E269FF7C9C41}"
EndProject
Project("{FAE04EC0-301F-11D3-BF4B-00C04F79EFBC}") = "GenericRepo.API", "GenericRepo\GenericRepo.API.csproj", "{16882C81-1E8E-45E6-A076-983EB7BDE4AF}"
EndProject
Project("{2150E333-8FDC-42A3-9474-1A3956D46DE8}") = "Core", "Core", "{AAD9EA75-73A6-46E1-823C-40AA25C695D1}"
EndProject
Project("{FAE04EC0-301F-11D3-BF4B-00C04F79EFBC}") = "GenericRepo.Core", "GenericRepo.Core\GenericRepo.Core.csproj", "{899FA1B8-DE7D-4F50-BB4F-09C35C9EE6B4}"
EndProject
Project("{2150E333-8FDC-42A3-9474-1A3956D46DE8}") = "Infrastructure", "Infrastructure", "{BBC47884-E1B9-477B-94FB-C2D32A17AD55}"
EndProject
Project("{FAE04EC0-301F-11D3-BF4B-00C04F79EFBC}") = "GenericRepo.Infrastructure", "GenericRepo.Infrastructure\GenericRepo.Infrastructure.csproj", "{EE27E484-DBEF-4DBD-A44E-BE0DE72D04B9}"
EndProject
Global
	GlobalSection(SolutionConfigurationPlatforms) = preSolution
		Debug|Any CPU = Debug|Any CPU
		Release|Any CPU = Release|Any CPU
	EndGlobalSection
	GlobalSection(ProjectConfigurationPlatforms) = postSolution
		{16882C81-1E8E-45E6-A076-983EB7BDE4AF}.Debug|Any CPU.ActiveCfg = Debug|Any CPU
		{16882C81-1E8E-45E6-A076-983EB7BDE4AF}.Debug|Any CPU.Build.0 = Debug|Any CPU
		{16882C81-1E8E-45E6-A076-983EB7BDE4AF}.Release|Any CPU.ActiveCfg = Release|Any CPU
		{16882C81-1E8E-45E6-A076-983EB7BDE4AF}.Release|Any CPU.Build.0 = Release|Any CPU
		{899FA1B8-DE7D-4F50-BB4F-09C35C9EE6B4}.Debug|Any CPU.ActiveCfg = Debug|Any CPU
		{899FA1B8-DE7D-4F50-BB4F-09C35C9EE6B4}.Debug|Any CPU.Build.0 = Debug|Any CPU
		{899FA1B8-DE7D-4F50-BB4F-09C35C9EE6B4}.Release|Any CPU.ActiveCfg = Release|Any CPU
		{899FA1B8-DE7D-4F50-BB4F-09C35C9EE6B4}.Release|Any CPU.Build.0 = Release|Any CPU
		{EE27E484-DBEF-4DBD-A44E-BE0DE72D04B9}.Debug|Any CPU.ActiveCfg = Debug|Any CPU
		{EE27E484-DBEF-4DBD-A44E-BE0DE72D04B9}.Debug|Any CPU.Build.0 = Debug|Any CPU
		{EE27E484-DBEF-4DBD-A44E-BE0DE72D04B9}.Release|Any CPU.ActiveCfg = Release|Any CPU
		{EE27E484-DBEF-4DBD-A44E-BE0DE72D04B9}.Release|Any CPU.Build.0 = Release|Any CPU
	EndGlobalSection
	GlobalSection(SolutionProperties) = preSolution
		HideSolutionNode = FALSE
	EndGlobalSection
	GlobalSection(NestedProjects) = preSolution
		{16882C81-1E8E-45E6-A076-983EB7BDE4AF} = {BDA6D092-6194-4171-992F-E269FF7C9C41}
		{899FA1B8-DE7D-4F50-BB4F-09C35C9EE6B4} = {AAD9EA75-73A6-46E1-823C-40AA25C695D1}
		{EE27E484-DBEF-4DBD-A44E-BE0DE72D04B9} = {BBC47884-E1B9-477B-94FB-C2D32A17AD55}
	EndGlobalSection
	GlobalSection(ExtensibilityGlobals) = postSolution
		SolutionGuid = {AC962D4D-54AA-44AA-9E0D-6511979AD2DC}
	EndGlobalSection
EndGlobal
