
Microsoft Visual Studio Solution File, Format Version 12.00
# Visual Studio Version 17
VisualStudioVersion = 17.9.34728.123
MinimumVisualStudioVersion = 10.0.40219.1
Project("{FAE04EC0-301F-11D3-BF4B-00C04F79EFBC}") = "WebAPIDemo", "WebAPIDemo\WebAPIDemo.csproj", "{C0621507-0AAF-4A4D-B931-FADE65397F90}"
EndProject
Global
	GlobalSection(SolutionConfigurationPlatforms) = preSolution
		Debug|Any CPU = Debug|Any CPU
		Release|Any CPU = Release|Any CPU
	EndGlobalSection
	GlobalSection(ProjectConfigurationPlatforms) = postSolution
		{C0621507-0AAF-4A4D-B931-FADE65397F90}.Debug|Any CPU.ActiveCfg = Debug|Any CPU
		{C0621507-0AAF-4A4D-B931-FADE65397F90}.Debug|Any CPU.Build.0 = Debug|Any CPU
		{C0621507-0AAF-4A4D-B931-FADE65397F90}.Release|Any CPU.ActiveCfg = Release|Any CPU
		{C0621507-0AAF-4A4D-B931-FADE65397F90}.Release|Any CPU.Build.0 = Release|Any CPU
	EndGlobalSection
	GlobalSection(SolutionProperties) = preSolution
		HideSolutionNode = FALSE
	EndGlobalSection
	GlobalSection(ExtensibilityGlobals) = postSolution
		SolutionGuid = {BF47B18E-78A9-4869-8865-043BE358E40A}
	EndGlobalSection
EndGlobal
