
Microsoft Visual Studio Solution File, Format Version 12.00
# Visual Studio Version 17
VisualStudioVersion = 17.9.34728.123
MinimumVisualStudioVersion = 10.0.40219.1
Project("{FAE04EC0-301F-11D3-BF4B-00C04F79EFBC}") = "SqlTask2", "SqlTask2\SqlTask2.csproj", "{A719B9A0-D273-48F6-B82E-35FAEDFA01E3}"
EndProject
Global
	GlobalSection(SolutionConfigurationPlatforms) = preSolution
		Debug|Any CPU = Debug|Any CPU
		Release|Any CPU = Release|Any CPU
	EndGlobalSection
	GlobalSection(ProjectConfigurationPlatforms) = postSolution
		{A719B9A0-D273-48F6-B82E-35FAEDFA01E3}.Debug|Any CPU.ActiveCfg = Debug|Any CPU
		{A719B9A0-D273-48F6-B82E-35FAEDFA01E3}.Debug|Any CPU.Build.0 = Debug|Any CPU
		{A719B9A0-D273-48F6-B82E-35FAEDFA01E3}.Release|Any CPU.ActiveCfg = Release|Any CPU
		{A719B9A0-D273-48F6-B82E-35FAEDFA01E3}.Release|Any CPU.Build.0 = Release|Any CPU
	EndGlobalSection
	GlobalSection(SolutionProperties) = preSolution
		HideSolutionNode = FALSE
	EndGlobalSection
	GlobalSection(ExtensibilityGlobals) = postSolution
		SolutionGuid = {50D240E4-9372-4B48-B0D2-36535E71489E}
	EndGlobalSection
EndGlobal
