
Microsoft Visual Studio Solution File, Format Version 12.00
# Visual Studio Version 17
VisualStudioVersion = 17.9.34728.123
MinimumVisualStudioVersion = 10.0.40219.1
Project("{9A19103F-16F7-4668-BE54-9A1E7A4F7556}") = "SynchronousCustomerProductModel", "SynchronousCustomerProductModel\SynchronousCustomerProductModel.csproj", "{797EE1BF-CC56-480B-80C0-B8938F302BE4}"
EndProject
Global
	GlobalSection(SolutionConfigurationPlatforms) = preSolution
		Debug|Any CPU = Debug|Any CPU
		Release|Any CPU = Release|Any CPU
	EndGlobalSection
	GlobalSection(ProjectConfigurationPlatforms) = postSolution
		{797EE1BF-CC56-480B-80C0-B8938F302BE4}.Debug|Any CPU.ActiveCfg = Debug|Any CPU
		{797EE1BF-CC56-480B-80C0-B8938F302BE4}.Debug|Any CPU.Build.0 = Debug|Any CPU
		{797EE1BF-CC56-480B-80C0-B8938F302BE4}.Release|Any CPU.ActiveCfg = Release|Any CPU
		{797EE1BF-CC56-480B-80C0-B8938F302BE4}.Release|Any CPU.Build.0 = Release|Any CPU
	EndGlobalSection
	GlobalSection(SolutionProperties) = preSolution
		HideSolutionNode = FALSE
	EndGlobalSection
	GlobalSection(ExtensibilityGlobals) = postSolution
		SolutionGuid = {770DF700-6A8E-4F25-AD8E-5D7C0210FF60}
	EndGlobalSection
EndGlobal
