
Microsoft Visual Studio Solution File, Format Version 12.00
# Visual Studio Version 17
VisualStudioVersion = 17.9.34723.18
MinimumVisualStudioVersion = 10.0.40219.1
Project("{9A19103F-16F7-4668-BE54-9A1E7A4F7556}") = "AccessModifiers", "AccessModifiers\AccessModifiers.csproj", "{8606C695-FCBB-4CC7-B07C-9B7A8D992CF7}"
EndProject
Project("{9A19103F-16F7-4668-BE54-9A1E7A4F7556}") = "Arrays", "C:\Users\QualMinds\source\repos\Arrays\Arrays\Arrays.csproj", "{F063ECF3-5E8B-4315-96FA-4E9FC2B0AE2E}"
EndProject
Project("{9A19103F-16F7-4668-BE54-9A1E7A4F7556}") = "Banking2", "..\Banking2\Banking2.csproj", "{56DFD805-EE15-47C6-9D23-A20351B9C56A}"
EndProject
Project("{9A19103F-16F7-4668-BE54-9A1E7A4F7556}") = "Banking3", "..\Banking3\Banking3.csproj", "{85226829-B172-42DC-B2BF-6DD463F85D10}"
EndProject
Project("{9A19103F-16F7-4668-BE54-9A1E7A4F7556}") = "BankingAssignment4", "..\BankingAssignment4\BankingAssignment4.csproj", "{710BCAD1-6754-41EF-8295-855E71AF020F}"
EndProject
Project("{9A19103F-16F7-4668-BE54-9A1E7A4F7556}") = "Delegates", "..\Delegates\Delegates\Delegates.csproj", "{E4690D34-FDD5-4C3E-AB27-55C6697746EF}"
EndProject
Project("{9A19103F-16F7-4668-BE54-9A1E7A4F7556}") = "Caluclations", "..\domain\Caluclator\Caluclations.csproj", "{E81E5DDC-C48F-4849-99BE-A9BDD227805C}"
EndProject
Project("{9A19103F-16F7-4668-BE54-9A1E7A4F7556}") = "domain", "..\domain\domain\domain.csproj", "{35DCB955-2BE0-4658-9EDB-0E7E20EEFFDE}"
EndProject
Project("{9A19103F-16F7-4668-BE54-9A1E7A4F7556}") = "EmployeeDetails_usingConstructors", "..\EmployeeDetails\EmployeeDetails\EmployeeDetails_usingConstructors.csproj", "{4CA31D5B-A7DD-4A19-8951-41EBB439072D}"
EndProject
Project("{9A19103F-16F7-4668-BE54-9A1E7A4F7556}") = "ArrayList.Demo", "..\EmployeeOperations\EmployeeOperations\ArrayList.Demo.csproj", "{9429A044-3EB4-43E4-B14D-8186B689E658}"
EndProject
Project("{9A19103F-16F7-4668-BE54-9A1E7A4F7556}") = "FlightReservationSystem", "..\FlightReservationSystem\FlightReservationSystem.csproj", "{50512157-2751-4F62-B1C1-1A03A94BAD5E}"
EndProject
Project("{9A19103F-16F7-4668-BE54-9A1E7A4F7556}") = "GenericCollections", "..\GenericCollections\GenericCollections\GenericCollections.csproj", "{68EA2510-2B3D-465C-A204-28501C4D3A7B}"
EndProject
Project("{9A19103F-16F7-4668-BE54-9A1E7A4F7556}") = "Inheritance", "..\Inheritance\Inheritance\Inheritance.csproj", "{BA6E5120-E1D9-4DD9-8DF8-40B4DAD96825}"
EndProject
Project("{9A19103F-16F7-4668-BE54-9A1E7A4F7556}") = "Interfaces", "..\Interfaces\Interfaces\Interfaces.csproj", "{C501DAE4-900B-4CA1-AB2A-56DB16E9AEB1}"
EndProject
Project("{9A19103F-16F7-4668-BE54-9A1E7A4F7556}") = "ProductManagement", "..\ProductManagement\ProductManagement\ProductManagement.csproj", "{EE7C4292-8B18-41B8-B720-D3AC05C4E935}"
EndProject
Project("{9A19103F-16F7-4668-BE54-9A1E7A4F7556}") = "Program1", "..\Program1\Program1\Program1.csproj", "{43B2445C-236D-4D2C-BC33-CBEB643EE4C7}"
EndProject
Project("{9A19103F-16F7-4668-BE54-9A1E7A4F7556}") = "Program2", "..\Program2\Program2\Program2.csproj", "{12DE3D55-E171-4C47-8C5F-190F27757D28}"
EndProject
Project("{9A19103F-16F7-4668-BE54-9A1E7A4F7556}") = "Program3", "..\Program3\Program3\Program3.csproj", "{0BCF345C-BE49-4AEF-B44C-BA15968A3622}"
EndProject
Project("{9A19103F-16F7-4668-BE54-9A1E7A4F7556}") = "Program4", "..\Program4\Program4\Program4.csproj", "{FC479253-1CE7-4C4C-86E5-6363857381DC}"
EndProject
Project("{9A19103F-16F7-4668-BE54-9A1E7A4F7556}") = "Program5", "..\Program5\Program5\Program5.csproj", "{5D7F02E7-28A3-4F31-AB03-A5B0C5109DCD}"
EndProject
Project("{9A19103F-16F7-4668-BE54-9A1E7A4F7556}") = "Banking", "C:\Users\QualMinds\source\repos\Banking\Banking\Banking.csproj", "{F3E558C4-7F9F-464D-A465-381DE65C0A5B}"
EndProject
Project("{2150E333-8FDC-42A3-9474-1A3956D46DE8}") = "Nagaraju_sir", "Nagaraju_sir", "{40275F96-65B9-4DB3-AE83-91EB7E6EF9C6}"
EndProject
Project("{2150E333-8FDC-42A3-9474-1A3956D46DE8}") = "Mentors_Assignments", "Mentors_Assignments", "{E402D8E9-AA97-478C-B6C9-87FF42497D3F}"
EndProject
Project("{2150E333-8FDC-42A3-9474-1A3956D46DE8}") = "Bank", "Bank", "{ED3C788B-7BBE-4CC1-BAFE-0B11C210211D}"
EndProject
Project("{2150E333-8FDC-42A3-9474-1A3956D46DE8}") = "CRUDoperations", "CRUDoperations", "{FFA8EF24-BFEB-4D87-A7BE-698E5F56BBF6}"
EndProject
Project("{2150E333-8FDC-42A3-9474-1A3956D46DE8}") = "Collections", "Collections", "{83FA303C-9C71-4788-9A01-DCE8B70685C7}"
EndProject
Project("{9A19103F-16F7-4668-BE54-9A1E7A4F7556}") = "Collections", "..\Collections\Collections\Collections.csproj", "{D1C24013-EA59-4195-B1C4-0FF0345C4B33}"
EndProject
Project("{2150E333-8FDC-42A3-9474-1A3956D46DE8}") = "ConsoleApps", "ConsoleApps", "{C391AFCE-75F6-4504-9A72-EC43629A4C21}"
EndProject
Global
	GlobalSection(SolutionConfigurationPlatforms) = preSolution
		Debug|Any CPU = Debug|Any CPU
		Release|Any CPU = Release|Any CPU
	EndGlobalSection
	GlobalSection(ProjectConfigurationPlatforms) = postSolution
		{8606C695-FCBB-4CC7-B07C-9B7A8D992CF7}.Debug|Any CPU.ActiveCfg = Debug|Any CPU
		{8606C695-FCBB-4CC7-B07C-9B7A8D992CF7}.Debug|Any CPU.Build.0 = Debug|Any CPU
		{8606C695-FCBB-4CC7-B07C-9B7A8D992CF7}.Release|Any CPU.ActiveCfg = Release|Any CPU
		{8606C695-FCBB-4CC7-B07C-9B7A8D992CF7}.Release|Any CPU.Build.0 = Release|Any CPU
		{F063ECF3-5E8B-4315-96FA-4E9FC2B0AE2E}.Debug|Any CPU.ActiveCfg = Debug|Any CPU
		{F063ECF3-5E8B-4315-96FA-4E9FC2B0AE2E}.Debug|Any CPU.Build.0 = Debug|Any CPU
		{F063ECF3-5E8B-4315-96FA-4E9FC2B0AE2E}.Release|Any CPU.ActiveCfg = Release|Any CPU
		{F063ECF3-5E8B-4315-96FA-4E9FC2B0AE2E}.Release|Any CPU.Build.0 = Release|Any CPU
		{56DFD805-EE15-47C6-9D23-A20351B9C56A}.Debug|Any CPU.ActiveCfg = Debug|Any CPU
		{56DFD805-EE15-47C6-9D23-A20351B9C56A}.Debug|Any CPU.Build.0 = Debug|Any CPU
		{56DFD805-EE15-47C6-9D23-A20351B9C56A}.Release|Any CPU.ActiveCfg = Release|Any CPU
		{56DFD805-EE15-47C6-9D23-A20351B9C56A}.Release|Any CPU.Build.0 = Release|Any CPU
		{85226829-B172-42DC-B2BF-6DD463F85D10}.Debug|Any CPU.ActiveCfg = Debug|Any CPU
		{85226829-B172-42DC-B2BF-6DD463F85D10}.Debug|Any CPU.Build.0 = Debug|Any CPU
		{85226829-B172-42DC-B2BF-6DD463F85D10}.Release|Any CPU.ActiveCfg = Release|Any CPU
		{85226829-B172-42DC-B2BF-6DD463F85D10}.Release|Any CPU.Build.0 = Release|Any CPU
		{710BCAD1-6754-41EF-8295-855E71AF020F}.Debug|Any CPU.ActiveCfg = Debug|Any CPU
		{710BCAD1-6754-41EF-8295-855E71AF020F}.Debug|Any CPU.Build.0 = Debug|Any CPU
		{710BCAD1-6754-41EF-8295-855E71AF020F}.Release|Any CPU.ActiveCfg = Release|Any CPU
		{710BCAD1-6754-41EF-8295-855E71AF020F}.Release|Any CPU.Build.0 = Release|Any CPU
		{E4690D34-FDD5-4C3E-AB27-55C6697746EF}.Debug|Any CPU.ActiveCfg = Debug|Any CPU
		{E4690D34-FDD5-4C3E-AB27-55C6697746EF}.Debug|Any CPU.Build.0 = Debug|Any CPU
		{E4690D34-FDD5-4C3E-AB27-55C6697746EF}.Release|Any CPU.ActiveCfg = Release|Any CPU
		{E4690D34-FDD5-4C3E-AB27-55C6697746EF}.Release|Any CPU.Build.0 = Release|Any CPU
		{E81E5DDC-C48F-4849-99BE-A9BDD227805C}.Debug|Any CPU.ActiveCfg = Debug|Any CPU
		{E81E5DDC-C48F-4849-99BE-A9BDD227805C}.Debug|Any CPU.Build.0 = Debug|Any CPU
		{E81E5DDC-C48F-4849-99BE-A9BDD227805C}.Release|Any CPU.ActiveCfg = Release|Any CPU
		{E81E5DDC-C48F-4849-99BE-A9BDD227805C}.Release|Any CPU.Build.0 = Release|Any CPU
		{35DCB955-2BE0-4658-9EDB-0E7E20EEFFDE}.Debug|Any CPU.ActiveCfg = Debug|Any CPU
		{35DCB955-2BE0-4658-9EDB-0E7E20EEFFDE}.Debug|Any CPU.Build.0 = Debug|Any CPU
		{35DCB955-2BE0-4658-9EDB-0E7E20EEFFDE}.Release|Any CPU.ActiveCfg = Release|Any CPU
		{35DCB955-2BE0-4658-9EDB-0E7E20EEFFDE}.Release|Any CPU.Build.0 = Release|Any CPU
		{4CA31D5B-A7DD-4A19-8951-41EBB439072D}.Debug|Any CPU.ActiveCfg = Debug|Any CPU
		{4CA31D5B-A7DD-4A19-8951-41EBB439072D}.Debug|Any CPU.Build.0 = Debug|Any CPU
		{4CA31D5B-A7DD-4A19-8951-41EBB439072D}.Release|Any CPU.ActiveCfg = Release|Any CPU
		{4CA31D5B-A7DD-4A19-8951-41EBB439072D}.Release|Any CPU.Build.0 = Release|Any CPU
		{9429A044-3EB4-43E4-B14D-8186B689E658}.Debug|Any CPU.ActiveCfg = Debug|Any CPU
		{9429A044-3EB4-43E4-B14D-8186B689E658}.Debug|Any CPU.Build.0 = Debug|Any CPU
		{9429A044-3EB4-43E4-B14D-8186B689E658}.Release|Any CPU.ActiveCfg = Release|Any CPU
		{9429A044-3EB4-43E4-B14D-8186B689E658}.Release|Any CPU.Build.0 = Release|Any CPU
		{50512157-2751-4F62-B1C1-1A03A94BAD5E}.Debug|Any CPU.ActiveCfg = Debug|Any CPU
		{50512157-2751-4F62-B1C1-1A03A94BAD5E}.Debug|Any CPU.Build.0 = Debug|Any CPU
		{50512157-2751-4F62-B1C1-1A03A94BAD5E}.Release|Any CPU.ActiveCfg = Release|Any CPU
		{50512157-2751-4F62-B1C1-1A03A94BAD5E}.Release|Any CPU.Build.0 = Release|Any CPU
		{68EA2510-2B3D-465C-A204-28501C4D3A7B}.Debug|Any CPU.ActiveCfg = Debug|Any CPU
		{68EA2510-2B3D-465C-A204-28501C4D3A7B}.Debug|Any CPU.Build.0 = Debug|Any CPU
		{68EA2510-2B3D-465C-A204-28501C4D3A7B}.Release|Any CPU.ActiveCfg = Release|Any CPU
		{68EA2510-2B3D-465C-A204-28501C4D3A7B}.Release|Any CPU.Build.0 = Release|Any CPU
		{BA6E5120-E1D9-4DD9-8DF8-40B4DAD96825}.Debug|Any CPU.ActiveCfg = Debug|Any CPU
		{BA6E5120-E1D9-4DD9-8DF8-40B4DAD96825}.Debug|Any CPU.Build.0 = Debug|Any CPU
		{BA6E5120-E1D9-4DD9-8DF8-40B4DAD96825}.Release|Any CPU.ActiveCfg = Release|Any CPU
		{BA6E5120-E1D9-4DD9-8DF8-40B4DAD96825}.Release|Any CPU.Build.0 = Release|Any CPU
		{C501DAE4-900B-4CA1-AB2A-56DB16E9AEB1}.Debug|Any CPU.ActiveCfg = Debug|Any CPU
		{C501DAE4-900B-4CA1-AB2A-56DB16E9AEB1}.Debug|Any CPU.Build.0 = Debug|Any CPU
		{C501DAE4-900B-4CA1-AB2A-56DB16E9AEB1}.Release|Any CPU.ActiveCfg = Release|Any CPU
		{C501DAE4-900B-4CA1-AB2A-56DB16E9AEB1}.Release|Any CPU.Build.0 = Release|Any CPU
		{EE7C4292-8B18-41B8-B720-D3AC05C4E935}.Debug|Any CPU.ActiveCfg = Debug|Any CPU
		{EE7C4292-8B18-41B8-B720-D3AC05C4E935}.Debug|Any CPU.Build.0 = Debug|Any CPU
		{EE7C4292-8B18-41B8-B720-D3AC05C4E935}.Release|Any CPU.ActiveCfg = Release|Any CPU
		{EE7C4292-8B18-41B8-B720-D3AC05C4E935}.Release|Any CPU.Build.0 = Release|Any CPU
		{43B2445C-236D-4D2C-BC33-CBEB643EE4C7}.Debug|Any CPU.ActiveCfg = Debug|Any CPU
		{43B2445C-236D-4D2C-BC33-CBEB643EE4C7}.Debug|Any CPU.Build.0 = Debug|Any CPU
		{43B2445C-236D-4D2C-BC33-CBEB643EE4C7}.Release|Any CPU.ActiveCfg = Release|Any CPU
		{43B2445C-236D-4D2C-BC33-CBEB643EE4C7}.Release|Any CPU.Build.0 = Release|Any CPU
		{12DE3D55-E171-4C47-8C5F-190F27757D28}.Debug|Any CPU.ActiveCfg = Debug|Any CPU
		{12DE3D55-E171-4C47-8C5F-190F27757D28}.Debug|Any CPU.Build.0 = Debug|Any CPU
		{12DE3D55-E171-4C47-8C5F-190F27757D28}.Release|Any CPU.ActiveCfg = Release|Any CPU
		{12DE3D55-E171-4C47-8C5F-190F27757D28}.Release|Any CPU.Build.0 = Release|Any CPU
		{0BCF345C-BE49-4AEF-B44C-BA15968A3622}.Debug|Any CPU.ActiveCfg = Debug|Any CPU
		{0BCF345C-BE49-4AEF-B44C-BA15968A3622}.Debug|Any CPU.Build.0 = Debug|Any CPU
		{0BCF345C-BE49-4AEF-B44C-BA15968A3622}.Release|Any CPU.ActiveCfg = Release|Any CPU
		{0BCF345C-BE49-4AEF-B44C-BA15968A3622}.Release|Any CPU.Build.0 = Release|Any CPU
		{FC479253-1CE7-4C4C-86E5-6363857381DC}.Debug|Any CPU.ActiveCfg = Debug|Any CPU
		{FC479253-1CE7-4C4C-86E5-6363857381DC}.Debug|Any CPU.Build.0 = Debug|Any CPU
		{FC479253-1CE7-4C4C-86E5-6363857381DC}.Release|Any CPU.ActiveCfg = Release|Any CPU
		{FC479253-1CE7-4C4C-86E5-6363857381DC}.Release|Any CPU.Build.0 = Release|Any CPU
		{5D7F02E7-28A3-4F31-AB03-A5B0C5109DCD}.Debug|Any CPU.ActiveCfg = Debug|Any CPU
		{5D7F02E7-28A3-4F31-AB03-A5B0C5109DCD}.Debug|Any CPU.Build.0 = Debug|Any CPU
		{5D7F02E7-28A3-4F31-AB03-A5B0C5109DCD}.Release|Any CPU.ActiveCfg = Release|Any CPU
		{5D7F02E7-28A3-4F31-AB03-A5B0C5109DCD}.Release|Any CPU.Build.0 = Release|Any CPU
		{F3E558C4-7F9F-464D-A465-381DE65C0A5B}.Debug|Any CPU.ActiveCfg = Debug|Any CPU
		{F3E558C4-7F9F-464D-A465-381DE65C0A5B}.Debug|Any CPU.Build.0 = Debug|Any CPU
		{F3E558C4-7F9F-464D-A465-381DE65C0A5B}.Release|Any CPU.ActiveCfg = Release|Any CPU
		{F3E558C4-7F9F-464D-A465-381DE65C0A5B}.Release|Any CPU.Build.0 = Release|Any CPU
		{D1C24013-EA59-4195-B1C4-0FF0345C4B33}.Debug|Any CPU.ActiveCfg = Debug|Any CPU
		{D1C24013-EA59-4195-B1C4-0FF0345C4B33}.Debug|Any CPU.Build.0 = Debug|Any CPU
		{D1C24013-EA59-4195-B1C4-0FF0345C4B33}.Release|Any CPU.ActiveCfg = Release|Any CPU
		{D1C24013-EA59-4195-B1C4-0FF0345C4B33}.Release|Any CPU.Build.0 = Release|Any CPU
	EndGlobalSection
	GlobalSection(SolutionProperties) = preSolution
		HideSolutionNode = FALSE
	EndGlobalSection
	GlobalSection(NestedProjects) = preSolution
		{8606C695-FCBB-4CC7-B07C-9B7A8D992CF7} = {40275F96-65B9-4DB3-AE83-91EB7E6EF9C6}
		{F063ECF3-5E8B-4315-96FA-4E9FC2B0AE2E} = {40275F96-65B9-4DB3-AE83-91EB7E6EF9C6}
		{56DFD805-EE15-47C6-9D23-A20351B9C56A} = {ED3C788B-7BBE-4CC1-BAFE-0B11C210211D}
		{85226829-B172-42DC-B2BF-6DD463F85D10} = {ED3C788B-7BBE-4CC1-BAFE-0B11C210211D}
		{710BCAD1-6754-41EF-8295-855E71AF020F} = {ED3C788B-7BBE-4CC1-BAFE-0B11C210211D}
		{E4690D34-FDD5-4C3E-AB27-55C6697746EF} = {40275F96-65B9-4DB3-AE83-91EB7E6EF9C6}
		{E81E5DDC-C48F-4849-99BE-A9BDD227805C} = {40275F96-65B9-4DB3-AE83-91EB7E6EF9C6}
		{35DCB955-2BE0-4658-9EDB-0E7E20EEFFDE} = {40275F96-65B9-4DB3-AE83-91EB7E6EF9C6}
		{4CA31D5B-A7DD-4A19-8951-41EBB439072D} = {E402D8E9-AA97-478C-B6C9-87FF42497D3F}
		{9429A044-3EB4-43E4-B14D-8186B689E658} = {FFA8EF24-BFEB-4D87-A7BE-698E5F56BBF6}
		{50512157-2751-4F62-B1C1-1A03A94BAD5E} = {40275F96-65B9-4DB3-AE83-91EB7E6EF9C6}
		{68EA2510-2B3D-465C-A204-28501C4D3A7B} = {83FA303C-9C71-4788-9A01-DCE8B70685C7}
		{BA6E5120-E1D9-4DD9-8DF8-40B4DAD96825} = {E402D8E9-AA97-478C-B6C9-87FF42497D3F}
		{C501DAE4-900B-4CA1-AB2A-56DB16E9AEB1} = {40275F96-65B9-4DB3-AE83-91EB7E6EF9C6}
		{EE7C4292-8B18-41B8-B720-D3AC05C4E935} = {FFA8EF24-BFEB-4D87-A7BE-698E5F56BBF6}
		{43B2445C-236D-4D2C-BC33-CBEB643EE4C7} = {C391AFCE-75F6-4504-9A72-EC43629A4C21}
		{12DE3D55-E171-4C47-8C5F-190F27757D28} = {C391AFCE-75F6-4504-9A72-EC43629A4C21}
		{0BCF345C-BE49-4AEF-B44C-BA15968A3622} = {C391AFCE-75F6-4504-9A72-EC43629A4C21}
		{FC479253-1CE7-4C4C-86E5-6363857381DC} = {C391AFCE-75F6-4504-9A72-EC43629A4C21}
		{5D7F02E7-28A3-4F31-AB03-A5B0C5109DCD} = {C391AFCE-75F6-4504-9A72-EC43629A4C21}
		{F3E558C4-7F9F-464D-A465-381DE65C0A5B} = {ED3C788B-7BBE-4CC1-BAFE-0B11C210211D}
		{ED3C788B-7BBE-4CC1-BAFE-0B11C210211D} = {40275F96-65B9-4DB3-AE83-91EB7E6EF9C6}
		{FFA8EF24-BFEB-4D87-A7BE-698E5F56BBF6} = {40275F96-65B9-4DB3-AE83-91EB7E6EF9C6}
		{83FA303C-9C71-4788-9A01-DCE8B70685C7} = {40275F96-65B9-4DB3-AE83-91EB7E6EF9C6}
		{D1C24013-EA59-4195-B1C4-0FF0345C4B33} = {83FA303C-9C71-4788-9A01-DCE8B70685C7}
		{C391AFCE-75F6-4504-9A72-EC43629A4C21} = {40275F96-65B9-4DB3-AE83-91EB7E6EF9C6}
	EndGlobalSection
	GlobalSection(ExtensibilityGlobals) = postSolution
		SolutionGuid = {7136CB05-F02F-4E00-9D80-9C8A02DF460A}
	EndGlobalSection
EndGlobal
