
Microsoft Visual Studio Solution File, Format Version 12.00
# Visual Studio Version 17
VisualStudioVersion = 17.9.34723.18
MinimumVisualStudioVersion = 10.0.40219.1
Project("{FAE04EC0-301F-11D3-BF4B-00C04F79EFBC}") = "Delegates", "Delegates\Delegates.csproj", "{48E135FB-54AF-4FEA-80F0-3C3CB234AFA9}"
EndProject
Global
	GlobalSection(SolutionConfigurationPlatforms) = preSolution
		Debug|Any CPU = Debug|Any CPU
		Release|Any CPU = Release|Any CPU
	EndGlobalSection
	GlobalSection(ProjectConfigurationPlatforms) = postSolution
		{48E135FB-54AF-4FEA-80F0-3C3CB234AFA9}.Debug|Any CPU.ActiveCfg = Debug|Any CPU
		{48E135FB-54AF-4FEA-80F0-3C3CB234AFA9}.Debug|Any CPU.Build.0 = Debug|Any CPU
		{48E135FB-54AF-4FEA-80F0-3C3CB234AFA9}.Release|Any CPU.ActiveCfg = Release|Any CPU
		{48E135FB-54AF-4FEA-80F0-3C3CB234AFA9}.Release|Any CPU.Build.0 = Release|Any CPU
	EndGlobalSection
	GlobalSection(SolutionProperties) = preSolution
		HideSolutionNode = FALSE
	EndGlobalSection
	GlobalSection(ExtensibilityGlobals) = postSolution
		SolutionGuid = {F9367DB9-A3BF-4A3D-8A62-AE4499392136}
	EndGlobalSection
EndGlobal
