
Microsoft Visual Studio Solution File, Format Version 12.00
# Visual Studio Version 17
VisualStudioVersion = 17.9.34728.123
MinimumVisualStudioVersion = 10.0.40219.1
Project("{9A19103F-16F7-4668-BE54-9A1E7A4F7556}") = "CustomerCRUDinAPI", "CustomerCRUDinAPI\CustomerCRUDinAPI.csproj", "{835176AC-0575-4967-8C00-B0E031DEEF42}"
EndProject
Project("{FAE04EC0-301F-11D3-BF4B-00C04F79EFBC}") = "Customer.Core", "Customer.Core\Customer.Core.csproj", "{8CA125FA-E147-4B80-8081-0A3E949ABFF2}"
EndProject
Project("{FAE04EC0-301F-11D3-BF4B-00C04F79EFBC}") = "Customer.Infrastructure", "Customer.Infrastructure\Customer.Infrastructure.csproj", "{05F8D555-FF19-46D5-947D-65622F21EE0E}"
EndProject
Global
	GlobalSection(SolutionConfigurationPlatforms) = preSolution
		Debug|Any CPU = Debug|Any CPU
		Release|Any CPU = Release|Any CPU
	EndGlobalSection
	GlobalSection(ProjectConfigurationPlatforms) = postSolution
		{835176AC-0575-4967-8C00-B0E031DEEF42}.Debug|Any CPU.ActiveCfg = Debug|Any CPU
		{835176AC-0575-4967-8C00-B0E031DEEF42}.Debug|Any CPU.Build.0 = Debug|Any CPU
		{835176AC-0575-4967-8C00-B0E031DEEF42}.Release|Any CPU.ActiveCfg = Release|Any CPU
		{835176AC-0575-4967-8C00-B0E031DEEF42}.Release|Any CPU.Build.0 = Release|Any CPU
		{8CA125FA-E147-4B80-8081-0A3E949ABFF2}.Debug|Any CPU.ActiveCfg = Debug|Any CPU
		{8CA125FA-E147-4B80-8081-0A3E949ABFF2}.Debug|Any CPU.Build.0 = Debug|Any CPU
		{8CA125FA-E147-4B80-8081-0A3E949ABFF2}.Release|Any CPU.ActiveCfg = Release|Any CPU
		{8CA125FA-E147-4B80-8081-0A3E949ABFF2}.Release|Any CPU.Build.0 = Release|Any CPU
		{05F8D555-FF19-46D5-947D-65622F21EE0E}.Debug|Any CPU.ActiveCfg = Debug|Any CPU
		{05F8D555-FF19-46D5-947D-65622F21EE0E}.Debug|Any CPU.Build.0 = Debug|Any CPU
		{05F8D555-FF19-46D5-947D-65622F21EE0E}.Release|Any CPU.ActiveCfg = Release|Any CPU
		{05F8D555-FF19-46D5-947D-65622F21EE0E}.Release|Any CPU.Build.0 = Release|Any CPU
	EndGlobalSection
	GlobalSection(SolutionProperties) = preSolution
		HideSolutionNode = FALSE
	EndGlobalSection
	GlobalSection(ExtensibilityGlobals) = postSolution
		SolutionGuid = {91A7F436-26EF-42E5-8424-4F43C9CFD4BB}
	EndGlobalSection
EndGlobal
