
Microsoft Visual Studio Solution File, Format Version 12.00
# Visual Studio Version 17
VisualStudioVersion = 17.9.34723.18
MinimumVisualStudioVersion = 10.0.40219.1
Project("{9A19103F-16F7-4668-BE54-9A1E7A4F7556}") = "Banking3", "Banking3.csproj", "{5DD9D7A7-547E-418B-BB29-81DC205B1C90}"
EndProject
Global
	GlobalSection(SolutionConfigurationPlatforms) = preSolution
		Debug|Any CPU = Debug|Any CPU
		Release|Any CPU = Release|Any CPU
	EndGlobalSection
	GlobalSection(ProjectConfigurationPlatforms) = postSolution
		{5DD9D7A7-547E-418B-BB29-81DC205B1C90}.Debug|Any CPU.ActiveCfg = Debug|Any CPU
		{5DD9D7A7-547E-418B-BB29-81DC205B1C90}.Debug|Any CPU.Build.0 = Debug|Any CPU
		{5DD9D7A7-547E-418B-BB29-81DC205B1C90}.Release|Any CPU.ActiveCfg = Release|Any CPU
		{5DD9D7A7-547E-418B-BB29-81DC205B1C90}.Release|Any CPU.Build.0 = Release|Any CPU
	EndGlobalSection
	GlobalSection(SolutionProperties) = preSolution
		HideSolutionNode = FALSE
	EndGlobalSection
	GlobalSection(ExtensibilityGlobals) = postSolution
		SolutionGuid = {69303A98-5272-4B39-8DA3-622A1305E882}
	EndGlobalSection
EndGlobal
